
Microsoft Visual Studio Solution File, Format Version 12.00
# Visual Studio Version 17
VisualStudioVersion = 17.10.35013.160
MinimumVisualStudioVersion = 10.0.40219.1
Project("{FAE04EC0-301F-11D3-BF4B-00C04F79EFBC}") = "01_02_minimalApiEjemplo", "01_02_minimalApiEjemplo\01_02_minimalApiEjemplo.csproj", "{9F82EA47-800E-43E6-87DE-F84692DEA83B}"
EndProject
Global
	GlobalSection(SolutionConfigurationPlatforms) = preSolution
		Debug|Any CPU = Debug|Any CPU
		Release|Any CPU = Release|Any CPU
	EndGlobalSection
	GlobalSection(ProjectConfigurationPlatforms) = postSolution
		{9F82EA47-800E-43E6-87DE-F84692DEA83B}.Debug|Any CPU.ActiveCfg = Debug|Any CPU
		{9F82EA47-800E-43E6-87DE-F84692DEA83B}.Debug|Any CPU.Build.0 = Debug|Any CPU
		{9F82EA47-800E-43E6-87DE-F84692DEA83B}.Release|Any CPU.ActiveCfg = Release|Any CPU
		{9F82EA47-800E-43E6-87DE-F84692DEA83B}.Release|Any CPU.Build.0 = Release|Any CPU
	EndGlobalSection
	GlobalSection(SolutionProperties) = preSolution
		HideSolutionNode = FALSE
	EndGlobalSection
	GlobalSection(ExtensibilityGlobals) = postSolution
		SolutionGuid = {F7375DFD-152E-4B37-B4D0-31DEE659465D}
	EndGlobalSection
EndGlobal
