
Microsoft Visual Studio Solution File, Format Version 12.00
# Visual Studio Version 17
VisualStudioVersion = 17.11.35312.102
MinimumVisualStudioVersion = 10.0.40219.1
Project("{FAE04EC0-301F-11D3-BF4B-00C04F79EFBC}") = "EjemploBlazorConEntityFramework", "EjemploBlazorConEntityFramework\EjemploBlazorConEntityFramework.csproj", "{4587B12B-DEAE-4185-833C-6FA53F55136A}"
EndProject
Global
	GlobalSection(SolutionConfigurationPlatforms) = preSolution
		Debug|Any CPU = Debug|Any CPU
		Release|Any CPU = Release|Any CPU
	EndGlobalSection
	GlobalSection(ProjectConfigurationPlatforms) = postSolution
		{4587B12B-DEAE-4185-833C-6FA53F55136A}.Debug|Any CPU.ActiveCfg = Debug|Any CPU
		{4587B12B-DEAE-4185-833C-6FA53F55136A}.Debug|Any CPU.Build.0 = Debug|Any CPU
		{4587B12B-DEAE-4185-833C-6FA53F55136A}.Release|Any CPU.ActiveCfg = Release|Any CPU
		{4587B12B-DEAE-4185-833C-6FA53F55136A}.Release|Any CPU.Build.0 = Release|Any CPU
	EndGlobalSection
	GlobalSection(SolutionProperties) = preSolution
		HideSolutionNode = FALSE
	EndGlobalSection
	GlobalSection(ExtensibilityGlobals) = postSolution
		SolutionGuid = {E2871D82-A75A-457F-BE97-BB1BA913244C}
	EndGlobalSection
EndGlobal
