
Microsoft Visual Studio Solution File, Format Version 12.00
# Visual Studio Version 17
VisualStudioVersion = 17.10.35013.160
MinimumVisualStudioVersion = 10.0.40219.1
Project("{FAE04EC0-301F-11D3-BF4B-00C04F79EFBC}") = "01_04_0_SignalREjemplo", "01_04_0_SignalREjemplo\01_04_0_SignalREjemplo.csproj", "{6757AB14-2B32-48FC-982D-FCBB4977AFA7}"
EndProject
Global
	GlobalSection(SolutionConfigurationPlatforms) = preSolution
		Debug|Any CPU = Debug|Any CPU
		Release|Any CPU = Release|Any CPU
	EndGlobalSection
	GlobalSection(ProjectConfigurationPlatforms) = postSolution
		{6757AB14-2B32-48FC-982D-FCBB4977AFA7}.Debug|Any CPU.ActiveCfg = Debug|Any CPU
		{6757AB14-2B32-48FC-982D-FCBB4977AFA7}.Debug|Any CPU.Build.0 = Debug|Any CPU
		{6757AB14-2B32-48FC-982D-FCBB4977AFA7}.Release|Any CPU.ActiveCfg = Release|Any CPU
		{6757AB14-2B32-48FC-982D-FCBB4977AFA7}.Release|Any CPU.Build.0 = Release|Any CPU
	EndGlobalSection
	GlobalSection(SolutionProperties) = preSolution
		HideSolutionNode = FALSE
	EndGlobalSection
	GlobalSection(ExtensibilityGlobals) = postSolution
		SolutionGuid = {44A8E89B-22B9-41BF-A2E7-2BD6B5083D7D}
	EndGlobalSection
EndGlobal
