
Microsoft Visual Studio Solution File, Format Version 12.00
# Visual Studio Version 17
VisualStudioVersion = 17.10.35013.160
MinimumVisualStudioVersion = 10.0.40219.1
Project("{FAE04EC0-301F-11D3-BF4B-00C04F79EFBC}") = "01_4b_BlazorServerSignalR_Grafica", "01_4b_BlazorServerSignalR_Grafica\01_4b_BlazorServerSignalR_Grafica.csproj", "{7FA8C135-9544-44F6-AF1A-3E831CB605C0}"
EndProject
Global
	GlobalSection(SolutionConfigurationPlatforms) = preSolution
		Debug|Any CPU = Debug|Any CPU
		Release|Any CPU = Release|Any CPU
	EndGlobalSection
	GlobalSection(ProjectConfigurationPlatforms) = postSolution
		{7FA8C135-9544-44F6-AF1A-3E831CB605C0}.Debug|Any CPU.ActiveCfg = Debug|Any CPU
		{7FA8C135-9544-44F6-AF1A-3E831CB605C0}.Debug|Any CPU.Build.0 = Debug|Any CPU
		{7FA8C135-9544-44F6-AF1A-3E831CB605C0}.Release|Any CPU.ActiveCfg = Release|Any CPU
		{7FA8C135-9544-44F6-AF1A-3E831CB605C0}.Release|Any CPU.Build.0 = Release|Any CPU
	EndGlobalSection
	GlobalSection(SolutionProperties) = preSolution
		HideSolutionNode = FALSE
	EndGlobalSection
	GlobalSection(ExtensibilityGlobals) = postSolution
		SolutionGuid = {7CA65916-E063-4A4B-9EF2-0C8AA3C6FA81}
	EndGlobalSection
EndGlobal
